// !$*UTF8*$!
{
	archiveVersion = 1;
	classes = {
	};
	objectVersion = 50;
	objects = {

/* Begin PBXBuildFile section */
		4C9661942674DD94009146F9 /* CalculatorViewController.swift in Sources */ = {isa = PBXBuildFile; fileRef = 4C9661922674DD94009146F9 /* CalculatorViewController.swift */; };
		4C9661952674DD94009146F9 /* CalculatorViewController.xib in Resources */ = {isa = PBXBuildFile; fileRef = 4C9661932674DD94009146F9 /* CalculatorViewController.xib */; };
		4C96619826750A80009146F9 /* CalculatorViewModel.swift in Sources */ = {isa = PBXBuildFile; fileRef = 4C96619726750A80009146F9 /* CalculatorViewModel.swift */; };
		4C96619B267512F9009146F9 /* CalculatorState.swift in Sources */ = {isa = PBXBuildFile; fileRef = 4C96619A267512F9009146F9 /* CalculatorState.swift */; };
		4C96619D2675F353009146F9 /* Calculator.swift in Sources */ = {isa = PBXBuildFile; fileRef = 4C96619C2675F353009146F9 /* Calculator.swift */; };
		4C96619F26763CB9009146F9 /* Calculation.swift in Sources */ = {isa = PBXBuildFile; fileRef = 4C96619E26763CB9009146F9 /* Calculation.swift */; };
		4C9661A2267685CF009146F9 /* NSExpression+float.swift in Sources */ = {isa = PBXBuildFile; fileRef = 4C9661A1267685CF009146F9 /* NSExpression+float.swift */; };
		4C9661A42677C701009146F9 /* String+LastElement.swift in Sources */ = {isa = PBXBuildFile; fileRef = 4C9661A32677C701009146F9 /* String+LastElement.swift */; };
		4C9661A626790D63009146F9 /* APIHandler.swift in Sources */ = {isa = PBXBuildFile; fileRef = 4C9661A526790D63009146F9 /* APIHandler.swift */; };
		4C9661A8267915DC009146F9 /* Rates.swift in Sources */ = {isa = PBXBuildFile; fileRef = 4C9661A7267915DC009146F9 /* Rates.swift */; };
		4CA260132674D60A00726FCF /* AppDelegate.swift in Sources */ = {isa = PBXBuildFile; fileRef = 4CA260122674D60A00726FCF /* AppDelegate.swift */; };
		4CA260152674D60A00726FCF /* SceneDelegate.swift in Sources */ = {isa = PBXBuildFile; fileRef = 4CA260142674D60A00726FCF /* SceneDelegate.swift */; };
		4CA260172674D60A00726FCF /* ViewController.swift in Sources */ = {isa = PBXBuildFile; fileRef = 4CA260162674D60A00726FCF /* ViewController.swift */; };
		4CA2601A2674D60A00726FCF /* Main.storyboard in Resources */ = {isa = PBXBuildFile; fileRef = 4CA260182674D60A00726FCF /* Main.storyboard */; };
		4CA2601C2674D60D00726FCF /* Assets.xcassets in Resources */ = {isa = PBXBuildFile; fileRef = 4CA2601B2674D60D00726FCF /* Assets.xcassets */; };
		4CA2601F2674D60D00726FCF /* LaunchScreen.storyboard in Resources */ = {isa = PBXBuildFile; fileRef = 4CA2601D2674D60D00726FCF /* LaunchScreen.storyboard */; };
		4CA2602A2674D60D00726FCF /* CalculatorTests.swift in Sources */ = {isa = PBXBuildFile; fileRef = 4CA260292674D60D00726FCF /* CalculatorTests.swift */; };
		4CA260352674D60D00726FCF /* CalculatorUITests.swift in Sources */ = {isa = PBXBuildFile; fileRef = 4CA260342674D60D00726FCF /* CalculatorUITests.swift */; };
/* End PBXBuildFile section */

/* Begin PBXContainerItemProxy section */
		4CA260262674D60D00726FCF /* PBXContainerItemProxy */ = {
			isa = PBXContainerItemProxy;
			containerPortal = 4CA260072674D60A00726FCF /* Project object */;
			proxyType = 1;
			remoteGlobalIDString = 4CA2600E2674D60A00726FCF;
			remoteInfo = Calculator;
		};
		4CA260312674D60D00726FCF /* PBXContainerItemProxy */ = {
			isa = PBXContainerItemProxy;
			containerPortal = 4CA260072674D60A00726FCF /* Project object */;
			proxyType = 1;
			remoteGlobalIDString = 4CA2600E2674D60A00726FCF;
			remoteInfo = Calculator;
		};
/* End PBXContainerItemProxy section */

/* Begin PBXFileReference section */
		4C9661922674DD94009146F9 /* CalculatorViewController.swift */ = {isa = PBXFileReference; lastKnownFileType = sourcecode.swift; path = CalculatorViewController.swift; sourceTree = "<group>"; };
		4C9661932674DD94009146F9 /* CalculatorViewController.xib */ = {isa = PBXFileReference; lastKnownFileType = file.xib; path = CalculatorViewController.xib; sourceTree = "<group>"; };
		4C96619726750A80009146F9 /* CalculatorViewModel.swift */ = {isa = PBXFileReference; lastKnownFileType = sourcecode.swift; path = CalculatorViewModel.swift; sourceTree = "<group>"; };
		4C96619A267512F9009146F9 /* CalculatorState.swift */ = {isa = PBXFileReference; lastKnownFileType = sourcecode.swift; path = CalculatorState.swift; sourceTree = "<group>"; };
		4C96619C2675F353009146F9 /* Calculator.swift */ = {isa = PBXFileReference; lastKnownFileType = sourcecode.swift; path = Calculator.swift; sourceTree = "<group>"; };
		4C96619E26763CB9009146F9 /* Calculation.swift */ = {isa = PBXFileReference; lastKnownFileType = sourcecode.swift; path = Calculation.swift; sourceTree = "<group>"; };
		4C9661A1267685CF009146F9 /* NSExpression+float.swift */ = {isa = PBXFileReference; lastKnownFileType = sourcecode.swift; path = "NSExpression+float.swift"; sourceTree = "<group>"; };
		4C9661A32677C701009146F9 /* String+LastElement.swift */ = {isa = PBXFileReference; lastKnownFileType = sourcecode.swift; path = "String+LastElement.swift"; sourceTree = "<group>"; };
		4C9661A526790D63009146F9 /* APIHandler.swift */ = {isa = PBXFileReference; lastKnownFileType = sourcecode.swift; path = APIHandler.swift; sourceTree = "<group>"; };
		4C9661A7267915DC009146F9 /* Rates.swift */ = {isa = PBXFileReference; lastKnownFileType = sourcecode.swift; path = Rates.swift; sourceTree = "<group>"; };
		4CA2600F2674D60A00726FCF /* Calculator.app */ = {isa = PBXFileReference; explicitFileType = wrapper.application; includeInIndex = 0; path = Calculator.app; sourceTree = BUILT_PRODUCTS_DIR; };
		4CA260122674D60A00726FCF /* AppDelegate.swift */ = {isa = PBXFileReference; lastKnownFileType = sourcecode.swift; path = AppDelegate.swift; sourceTree = "<group>"; };
		4CA260142674D60A00726FCF /* SceneDelegate.swift */ = {isa = PBXFileReference; lastKnownFileType = sourcecode.swift; path = SceneDelegate.swift; sourceTree = "<group>"; };
		4CA260162674D60A00726FCF /* ViewController.swift */ = {isa = PBXFileReference; lastKnownFileType = sourcecode.swift; path = ViewController.swift; sourceTree = "<group>"; };
		4CA260192674D60A00726FCF /* Base */ = {isa = PBXFileReference; lastKnownFileType = file.storyboard; name = Base; path = Base.lproj/Main.storyboard; sourceTree = "<group>"; };
		4CA2601B2674D60D00726FCF /* Assets.xcassets */ = {isa = PBXFileReference; lastKnownFileType = folder.assetcatalog; path = Assets.xcassets; sourceTree = "<group>"; };
		4CA2601E2674D60D00726FCF /* Base */ = {isa = PBXFileReference; lastKnownFileType = file.storyboard; name = Base; path = Base.lproj/LaunchScreen.storyboard; sourceTree = "<group>"; };
		4CA260202674D60D00726FCF /* Info.plist */ = {isa = PBXFileReference; lastKnownFileType = text.plist.xml; path = Info.plist; sourceTree = "<group>"; };
		4CA260252674D60D00726FCF /* CalculatorTests.xctest */ = {isa = PBXFileReference; explicitFileType = wrapper.cfbundle; includeInIndex = 0; path = CalculatorTests.xctest; sourceTree = BUILT_PRODUCTS_DIR; };
		4CA260292674D60D00726FCF /* CalculatorTests.swift */ = {isa = PBXFileReference; lastKnownFileType = sourcecode.swift; path = CalculatorTests.swift; sourceTree = "<group>"; };
		4CA2602B2674D60D00726FCF /* Info.plist */ = {isa = PBXFileReference; lastKnownFileType = text.plist.xml; path = Info.plist; sourceTree = "<group>"; };
		4CA260302674D60D00726FCF /* CalculatorUITests.xctest */ = {isa = PBXFileReference; explicitFileType = wrapper.cfbundle; includeInIndex = 0; path = CalculatorUITests.xctest; sourceTree = BUILT_PRODUCTS_DIR; };
		4CA260342674D60D00726FCF /* CalculatorUITests.swift */ = {isa = PBXFileReference; lastKnownFileType = sourcecode.swift; path = CalculatorUITests.swift; sourceTree = "<group>"; };
		4CA260362674D60D00726FCF /* Info.plist */ = {isa = PBXFileReference; lastKnownFileType = text.plist.xml; path = Info.plist; sourceTree = "<group>"; };
/* End PBXFileReference section */

/* Begin PBXFrameworksBuildPhase section */
		4CA2600C2674D60A00726FCF /* Frameworks */ = {
			isa = PBXFrameworksBuildPhase;
			buildActionMask = 2147483647;
			files = (
			);
			runOnlyForDeploymentPostprocessing = 0;
		};
		4CA260222674D60D00726FCF /* Frameworks */ = {
			isa = PBXFrameworksBuildPhase;
			buildActionMask = 2147483647;
			files = (
			);
			runOnlyForDeploymentPostprocessing = 0;
		};
		4CA2602D2674D60D00726FCF /* Frameworks */ = {
			isa = PBXFrameworksBuildPhase;
			buildActionMask = 2147483647;
			files = (
			);
			runOnlyForDeploymentPostprocessing = 0;
		};
/* End PBXFrameworksBuildPhase section */

/* Begin PBXGroup section */
		4C9661912674DD42009146F9 /* ViewControllers */ = {
			isa = PBXGroup;
			children = (
				4C9661922674DD94009146F9 /* CalculatorViewController.swift */,
				4C9661932674DD94009146F9 /* CalculatorViewController.xib */,
			);
			path = ViewControllers;
			sourceTree = "<group>";
		};
		4C96619626750A62009146F9 /* ViewModels */ = {
			isa = PBXGroup;
			children = (
				4C96619726750A80009146F9 /* CalculatorViewModel.swift */,
			);
			path = ViewModels;
			sourceTree = "<group>";
		};
		4C966199267512E8009146F9 /* Models */ = {
			isa = PBXGroup;
			children = (
				4C96619A267512F9009146F9 /* CalculatorState.swift */,
				4C96619E26763CB9009146F9 /* Calculation.swift */,
				4C9661A7267915DC009146F9 /* Rates.swift */,
			);
			path = Models;
			sourceTree = "<group>";
		};
		4C9661A0267685A0009146F9 /* Extensions */ = {
			isa = PBXGroup;
			children = (
				4C9661A1267685CF009146F9 /* NSExpression+float.swift */,
				4C9661A32677C701009146F9 /* String+LastElement.swift */,
			);
			path = Extensions;
			sourceTree = "<group>";
		};
		4CA260062674D60A00726FCF = {
			isa = PBXGroup;
			children = (
				4CA260112674D60A00726FCF /* Calculator */,
				4CA260282674D60D00726FCF /* CalculatorTests */,
				4CA260332674D60D00726FCF /* CalculatorUITests */,
				4CA260102674D60A00726FCF /* Products */,
			);
			sourceTree = "<group>";
		};
		4CA260102674D60A00726FCF /* Products */ = {
			isa = PBXGroup;
			children = (
				4CA2600F2674D60A00726FCF /* Calculator.app */,
				4CA260252674D60D00726FCF /* CalculatorTests.xctest */,
				4CA260302674D60D00726FCF /* CalculatorUITests.xctest */,
			);
			name = Products;
			sourceTree = "<group>";
		};
		4CA260112674D60A00726FCF /* Calculator */ = {
			isa = PBXGroup;
			children = (
				4C9661A0267685A0009146F9 /* Extensions */,
				4C966199267512E8009146F9 /* Models */,
				4C96619626750A62009146F9 /* ViewModels */,
				4C9661912674DD42009146F9 /* ViewControllers */,
				4CA260122674D60A00726FCF /* AppDelegate.swift */,
				4CA260142674D60A00726FCF /* SceneDelegate.swift */,
				4C96619C2675F353009146F9 /* Calculator.swift */,
				4C9661A526790D63009146F9 /* APIHandler.swift */,
				4CA260162674D60A00726FCF /* ViewController.swift */,
				4CA260182674D60A00726FCF /* Main.storyboard */,
				4CA2601B2674D60D00726FCF /* Assets.xcassets */,
				4CA2601D2674D60D00726FCF /* LaunchScreen.storyboard */,
				4CA260202674D60D00726FCF /* Info.plist */,
			);
			path = Calculator;
			sourceTree = "<group>";
		};
		4CA260282674D60D00726FCF /* CalculatorTests */ = {
			isa = PBXGroup;
			children = (
				4CA260292674D60D00726FCF /* CalculatorTests.swift */,
				4CA2602B2674D60D00726FCF /* Info.plist */,
			);
			path = CalculatorTests;
			sourceTree = "<group>";
		};
		4CA260332674D60D00726FCF /* CalculatorUITests */ = {
			isa = PBXGroup;
			children = (
				4CA260342674D60D00726FCF /* CalculatorUITests.swift */,
				4CA260362674D60D00726FCF /* Info.plist */,
			);
			path = CalculatorUITests;
			sourceTree = "<group>";
		};
/* End PBXGroup section */

/* Begin PBXNativeTarget section */
		4CA2600E2674D60A00726FCF /* Calculator */ = {
			isa = PBXNativeTarget;
			buildConfigurationList = 4CA260392674D60D00726FCF /* Build configuration list for PBXNativeTarget "Calculator" */;
			buildPhases = (
				4CA2600B2674D60A00726FCF /* Sources */,
				4CA2600C2674D60A00726FCF /* Frameworks */,
				4CA2600D2674D60A00726FCF /* Resources */,
			);
			buildRules = (
			);
			dependencies = (
			);
			name = Calculator;
			productName = Calculator;
			productReference = 4CA2600F2674D60A00726FCF /* Calculator.app */;
			productType = "com.apple.product-type.application";
		};
		4CA260242674D60D00726FCF /* CalculatorTests */ = {
			isa = PBXNativeTarget;
			buildConfigurationList = 4CA2603C2674D60D00726FCF /* Build configuration list for PBXNativeTarget "CalculatorTests" */;
			buildPhases = (
				4CA260212674D60D00726FCF /* Sources */,
				4CA260222674D60D00726FCF /* Frameworks */,
				4CA260232674D60D00726FCF /* Resources */,
			);
			buildRules = (
			);
			dependencies = (
				4CA260272674D60D00726FCF /* PBXTargetDependency */,
			);
			name = CalculatorTests;
			productName = CalculatorTests;
			productReference = 4CA260252674D60D00726FCF /* CalculatorTests.xctest */;
			productType = "com.apple.product-type.bundle.unit-test";
		};
		4CA2602F2674D60D00726FCF /* CalculatorUITests */ = {
			isa = PBXNativeTarget;
			buildConfigurationList = 4CA2603F2674D60D00726FCF /* Build configuration list for PBXNativeTarget "CalculatorUITests" */;
			buildPhases = (
				4CA2602C2674D60D00726FCF /* Sources */,
				4CA2602D2674D60D00726FCF /* Frameworks */,
				4CA2602E2674D60D00726FCF /* Resources */,
			);
			buildRules = (
			);
			dependencies = (
				4CA260322674D60D00726FCF /* PBXTargetDependency */,
			);
			name = CalculatorUITests;
			productName = CalculatorUITests;
			productReference = 4CA260302674D60D00726FCF /* CalculatorUITests.xctest */;
			productType = "com.apple.product-type.bundle.ui-testing";
		};
/* End PBXNativeTarget section */

/* Begin PBXProject section */
		4CA260072674D60A00726FCF /* Project object */ = {
			isa = PBXProject;
			attributes = {
				LastSwiftUpdateCheck = 1250;
				LastUpgradeCheck = 1250;
				TargetAttributes = {
					4CA2600E2674D60A00726FCF = {
						CreatedOnToolsVersion = 12.5;
					};
					4CA260242674D60D00726FCF = {
						CreatedOnToolsVersion = 12.5;
						TestTargetID = 4CA2600E2674D60A00726FCF;
					};
					4CA2602F2674D60D00726FCF = {
						CreatedOnToolsVersion = 12.5;
						TestTargetID = 4CA2600E2674D60A00726FCF;
					};
				};
			};
			buildConfigurationList = 4CA2600A2674D60A00726FCF /* Build configuration list for PBXProject "Calculator" */;
			compatibilityVersion = "Xcode 9.3";
			developmentRegion = en;
			hasScannedForEncodings = 0;
			knownRegions = (
				en,
				Base,
			);
			mainGroup = 4CA260062674D60A00726FCF;
			productRefGroup = 4CA260102674D60A00726FCF /* Products */;
			projectDirPath = "";
			projectRoot = "";
			targets = (
				4CA2600E2674D60A00726FCF /* Calculator */,
				4CA260242674D60D00726FCF /* CalculatorTests */,
				4CA2602F2674D60D00726FCF /* CalculatorUITests */,
			);
		};
/* End PBXProject section */

/* Begin PBXResourcesBuildPhase section */
		4CA2600D2674D60A00726FCF /* Resources */ = {
			isa = PBXResourcesBuildPhase;
			buildActionMask = 2147483647;
			files = (
				4CA2601F2674D60D00726FCF /* LaunchScreen.storyboard in Resources */,
				4CA2601C2674D60D00726FCF /* Assets.xcassets in Resources */,
				4C9661952674DD94009146F9 /* CalculatorViewController.xib in Resources */,
				4CA2601A2674D60A00726FCF /* Main.storyboard in Resources */,
			);
			runOnlyForDeploymentPostprocessing = 0;
		};
		4CA260232674D60D00726FCF /* Resources */ = {
			isa = PBXResourcesBuildPhase;
			buildActionMask = 2147483647;
			files = (
			);
			runOnlyForDeploymentPostprocessing = 0;
		};
		4CA2602E2674D60D00726FCF /* Resources */ = {
			isa = PBXResourcesBuildPhase;
			buildActionMask = 2147483647;
			files = (
			);
			runOnlyForDeploymentPostprocessing = 0;
		};
/* End PBXResourcesBuildPhase section */

/* Begin PBXSourcesBuildPhase section */
		4CA2600B2674D60A00726FCF /* Sources */ = {
			isa = PBXSourcesBuildPhase;
			buildActionMask = 2147483647;
			files = (
				4CA260172674D60A00726FCF /* ViewController.swift in Sources */,
				4CA260132674D60A00726FCF /* AppDelegate.swift in Sources */,
				4C96619D2675F353009146F9 /* Calculator.swift in Sources */,
				4C96619F26763CB9009146F9 /* Calculation.swift in Sources */,
				4C9661A626790D63009146F9 /* APIHandler.swift in Sources */,
				4C9661A2267685CF009146F9 /* NSExpression+float.swift in Sources */,
				4C9661942674DD94009146F9 /* CalculatorViewController.swift in Sources */,
				4CA260152674D60A00726FCF /* SceneDelegate.swift in Sources */,
				4C9661A42677C701009146F9 /* String+LastElement.swift in Sources */,
				4C96619826750A80009146F9 /* CalculatorViewModel.swift in Sources */,
				4C9661A8267915DC009146F9 /* Rates.swift in Sources */,
				4C96619B267512F9009146F9 /* CalculatorState.swift in Sources */,
			);
			runOnlyForDeploymentPostprocessing = 0;
		};
		4CA260212674D60D00726FCF /* Sources */ = {
			isa = PBXSourcesBuildPhase;
			buildActionMask = 2147483647;
			files = (
				4CA2602A2674D60D00726FCF /* CalculatorTests.swift in Sources */,
			);
			runOnlyForDeploymentPostprocessing = 0;
		};
		4CA2602C2674D60D00726FCF /* Sources */ = {
			isa = PBXSourcesBuildPhase;
			buildActionMask = 2147483647;
			files = (
				4CA260352674D60D00726FCF /* CalculatorUITests.swift in Sources */,
			);
			runOnlyForDeploymentPostprocessing = 0;
		};
/* End PBXSourcesBuildPhase section */

/* Begin PBXTargetDependency section */
		4CA260272674D60D00726FCF /* PBXTargetDependency */ = {
			isa = PBXTargetDependency;
			target = 4CA2600E2674D60A00726FCF /* Calculator */;
			targetProxy = 4CA260262674D60D00726FCF /* PBXContainerItemProxy */;
		};
		4CA260322674D60D00726FCF /* PBXTargetDependency */ = {
			isa = PBXTargetDependency;
			target = 4CA2600E2674D60A00726FCF /* Calculator */;
			targetProxy = 4CA260312674D60D00726FCF /* PBXContainerItemProxy */;
		};
/* End PBXTargetDependency section */

/* Begin PBXVariantGroup section */
		4CA260182674D60A00726FCF /* Main.storyboard */ = {
			isa = PBXVariantGroup;
			children = (
				4CA260192674D60A00726FCF /* Base */,
			);
			name = Main.storyboard;
			sourceTree = "<group>";
		};
		4CA2601D2674D60D00726FCF /* LaunchScreen.storyboard */ = {
			isa = PBXVariantGroup;
			children = (
				4CA2601E2674D60D00726FCF /* Base */,
			);
			name = LaunchScreen.storyboard;
			sourceTree = "<group>";
		};
/* End PBXVariantGroup section */

/* Begin XCBuildConfiguration section */
		4CA260372674D60D00726FCF /* Debug */ = {
			isa = XCBuildConfiguration;
			buildSettings = {
				ALWAYS_SEARCH_USER_PATHS = NO;
				CLANG_ANALYZER_NONNULL = YES;
				CLANG_ANALYZER_NUMBER_OBJECT_CONVERSION = YES_AGGRESSIVE;
				CLANG_CXX_LANGUAGE_STANDARD = "gnu++14";
				CLANG_CXX_LIBRARY = "libc++";
				CLANG_ENABLE_MODULES = YES;
				CLANG_ENABLE_OBJC_ARC = YES;
				CLANG_ENABLE_OBJC_WEAK = YES;
				CLANG_WARN_BLOCK_CAPTURE_AUTORELEASING = YES;
				CLANG_WARN_BOOL_CONVERSION = YES;
				CLANG_WARN_COMMA = YES;
				CLANG_WARN_CONSTANT_CONVERSION = YES;
				CLANG_WARN_DEPRECATED_OBJC_IMPLEMENTATIONS = YES;
				CLANG_WARN_DIRECT_OBJC_ISA_USAGE = YES_ERROR;
				CLANG_WARN_DOCUMENTATION_COMMENTS = YES;
				CLANG_WARN_EMPTY_BODY = YES;
				CLANG_WARN_ENUM_CONVERSION = YES;
				CLANG_WARN_INFINITE_RECURSION = YES;
				CLANG_WARN_INT_CONVERSION = YES;
				CLANG_WARN_NON_LITERAL_NULL_CONVERSION = YES;
				CLANG_WARN_OBJC_IMPLICIT_RETAIN_SELF = YES;
				CLANG_WARN_OBJC_LITERAL_CONVERSION = YES;
				CLANG_WARN_OBJC_ROOT_CLASS = YES_ERROR;
				CLANG_WARN_QUOTED_INCLUDE_IN_FRAMEWORK_HEADER = YES;
				CLANG_WARN_RANGE_LOOP_ANALYSIS = YES;
				CLANG_WARN_STRICT_PROTOTYPES = YES;
				CLANG_WARN_SUSPICIOUS_MOVE = YES;
				CLANG_WARN_UNGUARDED_AVAILABILITY = YES_AGGRESSIVE;
				CLANG_WARN_UNREACHABLE_CODE = YES;
				CLANG_WARN__DUPLICATE_METHOD_MATCH = YES;
				COPY_PHASE_STRIP = NO;
				DEBUG_INFORMATION_FORMAT = dwarf;
				ENABLE_STRICT_OBJC_MSGSEND = YES;
				ENABLE_TESTABILITY = YES;
				GCC_C_LANGUAGE_STANDARD = gnu11;
				GCC_DYNAMIC_NO_PIC = NO;
				GCC_NO_COMMON_BLOCKS = YES;
				GCC_OPTIMIZATION_LEVEL = 0;
				GCC_PREPROCESSOR_DEFINITIONS = (
					"DEBUG=1",
					"$(inherited)",
				);
				GCC_WARN_64_TO_32_BIT_CONVERSION = YES;
				GCC_WARN_ABOUT_RETURN_TYPE = YES_ERROR;
				GCC_WARN_UNDECLARED_SELECTOR = YES;
				GCC_WARN_UNINITIALIZED_AUTOS = YES_AGGRESSIVE;
				GCC_WARN_UNUSED_FUNCTION = YES;
				GCC_WARN_UNUSED_VARIABLE = YES;
				IPHONEOS_DEPLOYMENT_TARGET = 14.5;
				MTL_ENABLE_DEBUG_INFO = INCLUDE_SOURCE;
				MTL_FAST_MATH = YES;
				ONLY_ACTIVE_ARCH = YES;
				SDKROOT = iphoneos;
				SWIFT_ACTIVE_COMPILATION_CONDITIONS = DEBUG;
				SWIFT_OPTIMIZATION_LEVEL = "-Onone";
			};
			name = Debug;
		};
		4CA260382674D60D00726FCF /* Release */ = {
			isa = XCBuildConfiguration;
			buildSettings = {
				ALWAYS_SEARCH_USER_PATHS = NO;
				CLANG_ANALYZER_NONNULL = YES;
				CLANG_ANALYZER_NUMBER_OBJECT_CONVERSION = YES_AGGRESSIVE;
				CLANG_CXX_LANGUAGE_STANDARD = "gnu++14";
				CLANG_CXX_LIBRARY = "libc++";
				CLANG_ENABLE_MODULES = YES;
				CLANG_ENABLE_OBJC_ARC = YES;
				CLANG_ENABLE_OBJC_WEAK = YES;
				CLANG_WARN_BLOCK_CAPTURE_AUTORELEASING = YES;
				CLANG_WARN_BOOL_CONVERSION = YES;
				CLANG_WARN_COMMA = YES;
				CLANG_WARN_CONSTANT_CONVERSION = YES;
				CLANG_WARN_DEPRECATED_OBJC_IMPLEMENTATIONS = YES;
				CLANG_WARN_DIRECT_OBJC_ISA_USAGE = YES_ERROR;
				CLANG_WARN_DOCUMENTATION_COMMENTS = YES;
				CLANG_WARN_EMPTY_BODY = YES;
				CLANG_WARN_ENUM_CONVERSION = YES;
				CLANG_WARN_INFINITE_RECURSION = YES;
				CLANG_WARN_INT_CONVERSION = YES;
				CLANG_WARN_NON_LITERAL_NULL_CONVERSION = YES;
				CLANG_WARN_OBJC_IMPLICIT_RETAIN_SELF = YES;
				CLANG_WARN_OBJC_LITERAL_CONVERSION = YES;
				CLANG_WARN_OBJC_ROOT_CLASS = YES_ERROR;
				CLANG_WARN_QUOTED_INCLUDE_IN_FRAMEWORK_HEADER = YES;
				CLANG_WARN_RANGE_LOOP_ANALYSIS = YES;
				CLANG_WARN_STRICT_PROTOTYPES = YES;
				CLANG_WARN_SUSPICIOUS_MOVE = YES;
				CLANG_WARN_UNGUARDED_AVAILABILITY = YES_AGGRESSIVE;
				CLANG_WARN_UNREACHABLE_CODE = YES;
				CLANG_WARN__DUPLICATE_METHOD_MATCH = YES;
				COPY_PHASE_STRIP = NO;
				DEBUG_INFORMATION_FORMAT = "dwarf-with-dsym";
				ENABLE_NS_ASSERTIONS = NO;
				ENABLE_STRICT_OBJC_MSGSEND = YES;
				GCC_C_LANGUAGE_STANDARD = gnu11;
				GCC_NO_COMMON_BLOCKS = YES;
				GCC_WARN_64_TO_32_BIT_CONVERSION = YES;
				GCC_WARN_ABOUT_RETURN_TYPE = YES_ERROR;
				GCC_WARN_UNDECLARED_SELECTOR = YES;
				GCC_WARN_UNINITIALIZED_AUTOS = YES_AGGRESSIVE;
				GCC_WARN_UNUSED_FUNCTION = YES;
				GCC_WARN_UNUSED_VARIABLE = YES;
				IPHONEOS_DEPLOYMENT_TARGET = 14.5;
				MTL_ENABLE_DEBUG_INFO = NO;
				MTL_FAST_MATH = YES;
				SDKROOT = iphoneos;
				SWIFT_COMPILATION_MODE = wholemodule;
				SWIFT_OPTIMIZATION_LEVEL = "-O";
				VALIDATE_PRODUCT = YES;
			};
			name = Release;
		};
		4CA2603A2674D60D00726FCF /* Debug */ = {
			isa = XCBuildConfiguration;
			buildSettings = {
				ASSETCATALOG_COMPILER_APPICON_NAME = AppIcon;
				ASSETCATALOG_COMPILER_GLOBAL_ACCENT_COLOR_NAME = AccentColor;
				CODE_SIGN_STYLE = Automatic;
				DEVELOPMENT_TEAM = T69772G8XN;
				INFOPLIST_FILE = Calculator/Info.plist;
				IPHONEOS_DEPLOYMENT_TARGET = 13.0;
				LD_RUNPATH_SEARCH_PATHS = (
					"$(inherited)",
					"@executable_path/Frameworks",
				);
				PRODUCT_BUNDLE_IDENTIFIER = com.wejdenstolpe.Calculator;
				PRODUCT_NAME = "$(TARGET_NAME)";
				SWIFT_VERSION = 5.0;
				TARGETED_DEVICE_FAMILY = "1,2";
			};
			name = Debug;
		};
		4CA2603B2674D60D00726FCF /* Release */ = {
			isa = XCBuildConfiguration;
			buildSettings = {
				ASSETCATALOG_COMPILER_APPICON_NAME = AppIcon;
				ASSETCATALOG_COMPILER_GLOBAL_ACCENT_COLOR_NAME = AccentColor;
				CODE_SIGN_STYLE = Automatic;
				DEVELOPMENT_TEAM = T69772G8XN;
				INFOPLIST_FILE = Calculator/Info.plist;
				IPHONEOS_DEPLOYMENT_TARGET = 13.0;
				LD_RUNPATH_SEARCH_PATHS = (
					"$(inherited)",
					"@executable_path/Frameworks",
				);
				PRODUCT_BUNDLE_IDENTIFIER = com.wejdenstolpe.Calculator;
				PRODUCT_NAME = "$(TARGET_NAME)";
				SWIFT_VERSION = 5.0;
				TARGETED_DEVICE_FAMILY = "1,2";
			};
			name = Release;
		};
		4CA2603D2674D60D00726FCF /* Debug */ = {
			isa = XCBuildConfiguration;
			buildSettings = {
				ALWAYS_EMBED_SWIFT_STANDARD_LIBRARIES = YES;
				BUNDLE_LOADER = "$(TEST_HOST)";
				CODE_SIGN_STYLE = Automatic;
				DEVELOPMENT_TEAM = T69772G8XN;
				INFOPLIST_FILE = CalculatorTests/Info.plist;
				IPHONEOS_DEPLOYMENT_TARGET = 14.5;
				LD_RUNPATH_SEARCH_PATHS = (
					"$(inherited)",
					"@executable_path/Frameworks",
					"@loader_path/Frameworks",
				);
				PRODUCT_BUNDLE_IDENTIFIER = com.wejdenstolpe.CalculatorTests;
				PRODUCT_NAME = "$(TARGET_NAME)";
				SWIFT_VERSION = 5.0;
				TARGETED_DEVICE_FAMILY = "1,2";
				TEST_HOST = "$(BUILT_PRODUCTS_DIR)/Calculator.app/Calculator";
			};
			name = Debug;
		};
		4CA2603E2674D60D00726FCF /* Release */ = {
			isa = XCBuildConfiguration;
			buildSettings = {
				ALWAYS_EMBED_SWIFT_STANDARD_LIBRARIES = YES;
				BUNDLE_LOADER = "$(TEST_HOST)";
				CODE_SIGN_STYLE = Automatic;
				DEVELOPMENT_TEAM = T69772G8XN;
				INFOPLIST_FILE = CalculatorTests/Info.plist;
				IPHONEOS_DEPLOYMENT_TARGET = 14.5;
				LD_RUNPATH_SEARCH_PATHS = (
					"$(inherited)",
					"@executable_path/Frameworks",
					"@loader_path/Frameworks",
				);
				PRODUCT_BUNDLE_IDENTIFIER = com.wejdenstolpe.CalculatorTests;
				PRODUCT_NAME = "$(TARGET_NAME)";
				SWIFT_VERSION = 5.0;
				TARGETED_DEVICE_FAMILY = "1,2";
				TEST_HOST = "$(BUILT_PRODUCTS_DIR)/Calculator.app/Calculator";
			};
			name = Release;
		};
		4CA260402674D60D00726FCF /* Debug */ = {
			isa = XCBuildConfiguration;
			buildSettings = {
				ALWAYS_EMBED_SWIFT_STANDARD_LIBRARIES = YES;
				CODE_SIGN_STYLE = Automatic;
				DEVELOPMENT_TEAM = T69772G8XN;
				INFOPLIST_FILE = CalculatorUITests/Info.plist;
				LD_RUNPATH_SEARCH_PATHS = (
					"$(inherited)",
					"@executable_path/Frameworks",
					"@loader_path/Frameworks",
				);
				PRODUCT_BUNDLE_IDENTIFIER = com.wejdenstolpe.CalculatorUITests;
				PRODUCT_NAME = "$(TARGET_NAME)";
				SWIFT_VERSION = 5.0;
				TARGETED_DEVICE_FAMILY = "1,2";
				TEST_TARGET_NAME = Calculator;
			};
			name = Debug;
		};
		4CA260412674D60D00726FCF /* Release */ = {
			isa = XCBuildConfiguration;
			buildSettings = {
				ALWAYS_EMBED_SWIFT_STANDARD_LIBRARIES = YES;
				CODE_SIGN_STYLE = Automatic;
				DEVELOPMENT_TEAM = T69772G8XN;
				INFOPLIST_FILE = CalculatorUITests/Info.plist;
				LD_RUNPATH_SEARCH_PATHS = (
					"$(inherited)",
					"@executable_path/Frameworks",
					"@loader_path/Frameworks",
				);
				PRODUCT_BUNDLE_IDENTIFIER = com.wejdenstolpe.CalculatorUITests;
				PRODUCT_NAME = "$(TARGET_NAME)";
				SWIFT_VERSION = 5.0;
				TARGETED_DEVICE_FAMILY = "1,2";
				TEST_TARGET_NAME = Calculator;
			};
			name = Release;
		};
/* End XCBuildConfiguration section */

/* Begin XCConfigurationList section */
		4CA2600A2674D60A00726FCF /* Build configuration list for PBXProject "Calculator" */ = {
			isa = XCConfigurationList;
			buildConfigurations = (
				4CA260372674D60D00726FCF /* Debug */,
				4CA260382674D60D00726FCF /* Release */,
			);
			defaultConfigurationIsVisible = 0;
			defaultConfigurationName = Release;
		};
		4CA260392674D60D00726FCF /* Build configuration list for PBXNativeTarget "Calculator" */ = {
			isa = XCConfigurationList;
			buildConfigurations = (
				4CA2603A2674D60D00726FCF /* Debug */,
				4CA2603B2674D60D00726FCF /* Release */,
			);
			defaultConfigurationIsVisible = 0;
			defaultConfigurationName = Release;
		};
		4CA2603C2674D60D00726FCF /* Build configuration list for PBXNativeTarget "CalculatorTests" */ = {
			isa = XCConfigurationList;
			buildConfigurations = (
				4CA2603D2674D60D00726FCF /* Debug */,
				4CA2603E2674D60D00726FCF /* Release */,
			);
			defaultConfigurationIsVisible = 0;
			defaultConfigurationName = Release;
		};
		4CA2603F2674D60D00726FCF /* Build configuration list for PBXNativeTarget "CalculatorUITests" */ = {
			isa = XCConfigurationList;
			buildConfigurations = (
				4CA260402674D60D00726FCF /* Debug */,
				4CA260412674D60D00726FCF /* Release */,
			);
			defaultConfigurationIsVisible = 0;
			defaultConfigurationName = Release;
		};
/* End XCConfigurationList section */
	};
	rootObject = 4CA260072674D60A00726FCF /* Project object */;
}
